
Microsoft Visual Studio Solution File, Format Version 12.00
# Visual Studio Version 17
VisualStudioVersion = 17.10.35027.167
MinimumVisualStudioVersion = 10.0.40219.1
Project("{9A19103F-16F7-4668-BE54-9A1E7A4F7556}") = "DelegatesExample", "DelegatesExample.csproj", "{4A4EC81E-B904-4553-97B8-F40B023CE3F1}"
EndProject
Project("{9A19103F-16F7-4668-BE54-9A1E7A4F7556}") = "UserDetailsLibrary", "UserDetailsLibrary\UserDetailsLibrary.csproj", "{7B5C221C-4C4A-4F6B-B2C9-B868DA8BF1B0}"
EndProject
Global
	GlobalSection(SolutionConfigurationPlatforms) = preSolution
		Debug|Any CPU = Debug|Any CPU
		Release|Any CPU = Release|Any CPU
	EndGlobalSection
	GlobalSection(ProjectConfigurationPlatforms) = postSolution
		{4A4EC81E-B904-4553-97B8-F40B023CE3F1}.Debug|Any CPU.ActiveCfg = Debug|Any CPU
		{4A4EC81E-B904-4553-97B8-F40B023CE3F1}.Debug|Any CPU.Build.0 = Debug|Any CPU
		{4A4EC81E-B904-4553-97B8-F40B023CE3F1}.Release|Any CPU.ActiveCfg = Release|Any CPU
		{4A4EC81E-B904-4553-97B8-F40B023CE3F1}.Release|Any CPU.Build.0 = Release|Any CPU
		{7B5C221C-4C4A-4F6B-B2C9-B868DA8BF1B0}.Debug|Any CPU.ActiveCfg = Debug|Any CPU
		{7B5C221C-4C4A-4F6B-B2C9-B868DA8BF1B0}.Debug|Any CPU.Build.0 = Debug|Any CPU
		{7B5C221C-4C4A-4F6B-B2C9-B868DA8BF1B0}.Release|Any CPU.ActiveCfg = Release|Any CPU
		{7B5C221C-4C4A-4F6B-B2C9-B868DA8BF1B0}.Release|Any CPU.Build.0 = Release|Any CPU
	EndGlobalSection
	GlobalSection(SolutionProperties) = preSolution
		HideSolutionNode = FALSE
	EndGlobalSection
	GlobalSection(ExtensibilityGlobals) = postSolution
		SolutionGuid = {F8929E3A-3A22-455D-B183-B0BC4AEF9B83}
	EndGlobalSection
EndGlobal
